
Microsoft Visual Studio Solution File, Format Version 12.00
# Visual Studio Version 16
VisualStudioVersion = 16.0.31313.79
MinimumVisualStudioVersion = 10.0.40219.1
Project("{FAE04EC0-301F-11D3-BF4B-00C04F79EFBC}") = "AzureFunction", "AzureFunction.csproj", "{1BB48D2B-CA91-42B8-B8F8-EE8F52CB0DAC}"
EndProject
Global
	GlobalSection(SolutionConfigurationPlatforms) = preSolution
		Debug|Any CPU = Debug|Any CPU
		Release|Any CPU = Release|Any CPU
	EndGlobalSection
	GlobalSection(ProjectConfigurationPlatforms) = postSolution
		{1BB48D2B-CA91-42B8-B8F8-EE8F52CB0DAC}.Debug|Any CPU.ActiveCfg = Debug|Any CPU
		{1BB48D2B-CA91-42B8-B8F8-EE8F52CB0DAC}.Debug|Any CPU.Build.0 = Debug|Any CPU
		{1BB48D2B-CA91-42B8-B8F8-EE8F52CB0DAC}.Release|Any CPU.ActiveCfg = Release|Any CPU
		{1BB48D2B-CA91-42B8-B8F8-EE8F52CB0DAC}.Release|Any CPU.Build.0 = Release|Any CPU
	EndGlobalSection
	GlobalSection(SolutionProperties) = preSolution
		HideSolutionNode = FALSE
	EndGlobalSection
	GlobalSection(ExtensibilityGlobals) = postSolution
		SolutionGuid = {6E976E9E-3C46-4A94-B9D3-7BBD9BB70D0A}
	EndGlobalSection
EndGlobal
